
Microsoft Visual Studio Solution File, Format Version 12.00
# Visual Studio Version 17
VisualStudioVersion = 17.0.31903.59
MinimumVisualStudioVersion = 10.0.40219.1
Project("{2150E333-8FDC-42A3-9474-1A3956D46DE8}") = "src", "src", "{A3946751-0608-4655-99A6-BD289830FAE2}"
EndProject
Project("{FAE04EC0-301F-11D3-BF4B-00C04F79EFBC}") = "AplicandoTestes.Core", "src\AplicandoTestes.Core\AplicandoTestes.Core.csproj", "{E9CE6FA6-6BA7-4D3C-9269-18FD9C96E4BE}"
EndProject
Project("{2150E333-8FDC-42A3-9474-1A3956D46DE8}") = "tests", "tests", "{EB828DA8-9705-4FE0-B534-296C7CC4627A}"
EndProject
Project("{FAE04EC0-301F-11D3-BF4B-00C04F79EFBC}") = "AplicandoTestes.UnitTests", "tests\AplicandoTestes.UnitTests\AplicandoTestes.UnitTests.csproj", "{24495323-1599-4185-A49E-484584F90E7A}"
EndProject
Global
	GlobalSection(SolutionConfigurationPlatforms) = preSolution
		Debug|Any CPU = Debug|Any CPU
		Release|Any CPU = Release|Any CPU
	EndGlobalSection
	GlobalSection(SolutionProperties) = preSolution
		HideSolutionNode = FALSE
	EndGlobalSection
	GlobalSection(ProjectConfigurationPlatforms) = postSolution
		{E9CE6FA6-6BA7-4D3C-9269-18FD9C96E4BE}.Debug|Any CPU.ActiveCfg = Debug|Any CPU
		{E9CE6FA6-6BA7-4D3C-9269-18FD9C96E4BE}.Debug|Any CPU.Build.0 = Debug|Any CPU
		{E9CE6FA6-6BA7-4D3C-9269-18FD9C96E4BE}.Release|Any CPU.ActiveCfg = Release|Any CPU
		{E9CE6FA6-6BA7-4D3C-9269-18FD9C96E4BE}.Release|Any CPU.Build.0 = Release|Any CPU
		{24495323-1599-4185-A49E-484584F90E7A}.Debug|Any CPU.ActiveCfg = Debug|Any CPU
		{24495323-1599-4185-A49E-484584F90E7A}.Debug|Any CPU.Build.0 = Debug|Any CPU
		{24495323-1599-4185-A49E-484584F90E7A}.Release|Any CPU.ActiveCfg = Release|Any CPU
		{24495323-1599-4185-A49E-484584F90E7A}.Release|Any CPU.Build.0 = Release|Any CPU
	EndGlobalSection
	GlobalSection(NestedProjects) = preSolution
		{E9CE6FA6-6BA7-4D3C-9269-18FD9C96E4BE} = {A3946751-0608-4655-99A6-BD289830FAE2}
		{24495323-1599-4185-A49E-484584F90E7A} = {EB828DA8-9705-4FE0-B534-296C7CC4627A}
	EndGlobalSection
EndGlobal
